{
  "name": "node-red-contrib-whatsapp-media-decrypt",
  "version": "0.0.2",
  "lockfileVersion": 3,
  "requires": true,
  "packages": {
    "": {
      "name": "node-red-contrib-whatsapp-media-decrypt",
      "version": "0.0.2",
      "license": "MIT",
      "dependencies": {
        "futoin-hkdf": "^1.5.3"
      },
      "devDependencies": {
        "dotenv": "^16.4.5"
      },
      "engines": {
        "node": ">=18.13.0"
      }
    },
    "node_modules/dotenv": {
      "version": "16.4.5",
      "resolved": "https://registry.npmjs.org/dotenv/-/dotenv-16.4.5.tgz",
      "integrity": "sha512-ZmdL2rui+eB2YwhsWzjInR8LldtZHGDoQ1ugH85ppHKwpUHL7j7rN0Ti9NCnGiQbhaZ11FpR+7ao1dNsmduNUg==",
      "dev": true,
      "engines": {
        "node": ">=12"
      },
      "funding": {
        "url": "https://dotenvx.com"
      }
    },
    "node_modules/futoin-hkdf": {
      "version": "1.5.3",
      "resolved": "https://registry.npmjs.org/futoin-hkdf/-/futoin-hkdf-1.5.3.tgz",
      "integrity": "sha512-SewY5KdMpaoCeh7jachEWFsh1nNlaDjNHZXWqL5IGwtpEYHTgkr2+AMCgNwKWkcc0wpSYrZfR7he4WdmHFtDxQ==",
      "engines": {
        "node": ">=8"
      }
    }
  }
}
